
Microsoft Visual Studio Solution File, Format Version 12.00
# Visual Studio Version 16
VisualStudioVersion = 16.0.29911.84
MinimumVisualStudioVersion = 10.0.40219.1
Project("{FAE04EC0-301F-11D3-BF4B-00C04F79EFBC}") = "Fighting", "Fighting\Fighting.csproj", "{4136F61F-3822-4E12-AB25-D40745F5920B}"
EndProject
Global
	GlobalSection(SolutionConfigurationPlatforms) = preSolution
		Debug|Any CPU = Debug|Any CPU
		Release|Any CPU = Release|Any CPU
	EndGlobalSection
	GlobalSection(ProjectConfigurationPlatforms) = postSolution
		{4136F61F-3822-4E12-AB25-D40745F5920B}.Debug|Any CPU.ActiveCfg = Debug|Any CPU
		{4136F61F-3822-4E12-AB25-D40745F5920B}.Debug|Any CPU.Build.0 = Debug|Any CPU
		{4136F61F-3822-4E12-AB25-D40745F5920B}.Release|Any CPU.ActiveCfg = Release|Any CPU
		{4136F61F-3822-4E12-AB25-D40745F5920B}.Release|Any CPU.Build.0 = Release|Any CPU
	EndGlobalSection
	GlobalSection(SolutionProperties) = preSolution
		HideSolutionNode = FALSE
	EndGlobalSection
	GlobalSection(ExtensibilityGlobals) = postSolution
		SolutionGuid = {3B05EC44-3EFD-4819-8F4F-485E6D73A20A}
	EndGlobalSection
EndGlobal
